
Microsoft Visual Studio Solution File, Format Version 12.00
# Visual Studio Version 17
VisualStudioVersion = 17.11.35312.102
MinimumVisualStudioVersion = 10.0.40219.1
Project("{9A19103F-16F7-4668-BE54-9A1E7A4F7556}") = "Presentacion", "Marcas\Presentacion.csproj", "{085BA1DA-AEA6-4273-B037-C240E9BE4F30}"
EndProject
Project("{FAE04EC0-301F-11D3-BF4B-00C04F79EFBC}") = "Dominio", "Negocio\Dominio.csproj", "{EF4431FA-F67C-4F5B-8051-9EBA64C3531A}"
EndProject
Project("{FAE04EC0-301F-11D3-BF4B-00C04F79EFBC}") = "AccesoDatos", "AccesoDatos\AccesoDatos.csproj", "{0B54A955-191E-4CB9-8EB6-F4ADBD9CA8B9}"
EndProject
Global
	GlobalSection(SolutionConfigurationPlatforms) = preSolution
		Debug|Any CPU = Debug|Any CPU
		Release|Any CPU = Release|Any CPU
	EndGlobalSection
	GlobalSection(ProjectConfigurationPlatforms) = postSolution
		{085BA1DA-AEA6-4273-B037-C240E9BE4F30}.Debug|Any CPU.ActiveCfg = Debug|Any CPU
		{085BA1DA-AEA6-4273-B037-C240E9BE4F30}.Debug|Any CPU.Build.0 = Debug|Any CPU
		{085BA1DA-AEA6-4273-B037-C240E9BE4F30}.Release|Any CPU.ActiveCfg = Release|Any CPU
		{085BA1DA-AEA6-4273-B037-C240E9BE4F30}.Release|Any CPU.Build.0 = Release|Any CPU
		{EF4431FA-F67C-4F5B-8051-9EBA64C3531A}.Debug|Any CPU.ActiveCfg = Debug|Any CPU
		{EF4431FA-F67C-4F5B-8051-9EBA64C3531A}.Debug|Any CPU.Build.0 = Debug|Any CPU
		{EF4431FA-F67C-4F5B-8051-9EBA64C3531A}.Release|Any CPU.ActiveCfg = Release|Any CPU
		{EF4431FA-F67C-4F5B-8051-9EBA64C3531A}.Release|Any CPU.Build.0 = Release|Any CPU
		{0B54A955-191E-4CB9-8EB6-F4ADBD9CA8B9}.Debug|Any CPU.ActiveCfg = Debug|Any CPU
		{0B54A955-191E-4CB9-8EB6-F4ADBD9CA8B9}.Debug|Any CPU.Build.0 = Debug|Any CPU
		{0B54A955-191E-4CB9-8EB6-F4ADBD9CA8B9}.Release|Any CPU.ActiveCfg = Release|Any CPU
		{0B54A955-191E-4CB9-8EB6-F4ADBD9CA8B9}.Release|Any CPU.Build.0 = Release|Any CPU
	EndGlobalSection
	GlobalSection(SolutionProperties) = preSolution
		HideSolutionNode = FALSE
	EndGlobalSection
	GlobalSection(ExtensibilityGlobals) = postSolution
		SolutionGuid = {5AFAD73E-CA70-44A2-AD2F-FAE6837D5F8C}
	EndGlobalSection
EndGlobal
