
Microsoft Visual Studio Solution File, Format Version 12.00
# Visual Studio Version 17
VisualStudioVersion = 17.11.35312.102
MinimumVisualStudioVersion = 10.0.40219.1
Project("{9A19103F-16F7-4668-BE54-9A1E7A4F7556}") = "Presentacion", "Marcas\Presentacion.csproj", "{085BA1DA-AEA6-4273-B037-C240E9BE4F30}"
EndProject
Project("{9A19103F-16F7-4668-BE54-9A1E7A4F7556}") = "Dominio", "Negocio\Dominio.csproj", "{EF4431FA-F67C-4F5B-8051-9EBA64C3531A}"
EndProject
Project("{9A19103F-16F7-4668-BE54-9A1E7A4F7556}") = "AccesoDatos", "AccesoDatos\AccesoDatos.csproj", "{0B54A955-191E-4CB9-8EB6-F4ADBD9CA8B9}"
EndProject
Project("{9A19103F-16F7-4668-BE54-9A1E7A4F7556}") = "Comun", "Comun\Comun.csproj", "{10E68083-95D0-47AD-9F86-4115C420B8F9}"
EndProject
Project("{2150E333-8FDC-42A3-9474-1A3956D46DE8}") = "Elementos de la solución", "Elementos de la solución", "{2011A865-5201-4666-A154-1911BB48A5F7}"
EndProject
Project("{54435603-DBB4-11D2-8724-00A0C9A8B90C}") = "pimark_setup", "pimark_setup\pimark_setup.vdproj", "{816B5CA5-1FD9-7228-D9DC-72CEB27F1572}"
EndProject
Global
	GlobalSection(SolutionConfigurationPlatforms) = preSolution
		Debug|Any CPU = Debug|Any CPU
		Release|Any CPU = Release|Any CPU
	EndGlobalSection
	GlobalSection(ProjectConfigurationPlatforms) = postSolution
		{085BA1DA-AEA6-4273-B037-C240E9BE4F30}.Debug|Any CPU.ActiveCfg = Debug|Any CPU
		{085BA1DA-AEA6-4273-B037-C240E9BE4F30}.Debug|Any CPU.Build.0 = Debug|Any CPU
		{085BA1DA-AEA6-4273-B037-C240E9BE4F30}.Release|Any CPU.ActiveCfg = Release|Any CPU
		{085BA1DA-AEA6-4273-B037-C240E9BE4F30}.Release|Any CPU.Build.0 = Release|Any CPU
		{EF4431FA-F67C-4F5B-8051-9EBA64C3531A}.Debug|Any CPU.ActiveCfg = Debug|Any CPU
		{EF4431FA-F67C-4F5B-8051-9EBA64C3531A}.Debug|Any CPU.Build.0 = Debug|Any CPU
		{EF4431FA-F67C-4F5B-8051-9EBA64C3531A}.Release|Any CPU.ActiveCfg = Release|Any CPU
		{EF4431FA-F67C-4F5B-8051-9EBA64C3531A}.Release|Any CPU.Build.0 = Release|Any CPU
		{0B54A955-191E-4CB9-8EB6-F4ADBD9CA8B9}.Debug|Any CPU.ActiveCfg = Debug|Any CPU
		{0B54A955-191E-4CB9-8EB6-F4ADBD9CA8B9}.Debug|Any CPU.Build.0 = Debug|Any CPU
		{0B54A955-191E-4CB9-8EB6-F4ADBD9CA8B9}.Release|Any CPU.ActiveCfg = Release|Any CPU
		{0B54A955-191E-4CB9-8EB6-F4ADBD9CA8B9}.Release|Any CPU.Build.0 = Release|Any CPU
		{10E68083-95D0-47AD-9F86-4115C420B8F9}.Debug|Any CPU.ActiveCfg = Debug|Any CPU
		{10E68083-95D0-47AD-9F86-4115C420B8F9}.Debug|Any CPU.Build.0 = Debug|Any CPU
		{10E68083-95D0-47AD-9F86-4115C420B8F9}.Release|Any CPU.ActiveCfg = Release|Any CPU
		{10E68083-95D0-47AD-9F86-4115C420B8F9}.Release|Any CPU.Build.0 = Release|Any CPU
		{816B5CA5-1FD9-7228-D9DC-72CEB27F1572}.Debug|Any CPU.ActiveCfg = Debug
		{816B5CA5-1FD9-7228-D9DC-72CEB27F1572}.Release|Any CPU.ActiveCfg = Release
	EndGlobalSection
	GlobalSection(SolutionProperties) = preSolution
		HideSolutionNode = FALSE
	EndGlobalSection
	GlobalSection(ExtensibilityGlobals) = postSolution
		SolutionGuid = {5AFAD73E-CA70-44A2-AD2F-FAE6837D5F8C}
	EndGlobalSection
EndGlobal
